// !$*UTF8*$!
{
	archiveVersion = 1;
	classes = {
	};
	objectVersion = 46;
	objects = {

/* Begin PBXBuildFile section */
		EA50F49C15D45EAE00EE4E2A /* InfoPlist.strings in Resources */ = {isa = PBXBuildFile; fileRef = EA50F49A15D45EAE00EE4E2A /* InfoPlist.strings */; };
		EA50F49E15D45EAE00EE4E2A /* main.m in Sources */ = {isa = PBXBuildFile; fileRef = EA50F49D15D45EAE00EE4E2A /* main.m */; };
		EA50F4AA15D45EE100EE4E2A /* NWAppDelegate.m in Sources */ = {isa = PBXBuildFile; fileRef = EA50F4A915D45EE100EE4E2A /* NWAppDelegate.m */; };
		EA50F4AE15D45EF000EE4E2A /* TestMainViewController.m in Sources */ = {isa = PBXBuildFile; fileRef = EA50F4AC15D45EF000EE4E2A /* TestMainViewController.m */; };
		EA50F4AF15D45EF000EE4E2A /* TestMainViewController.xib in Resources */ = {isa = PBXBuildFile; fileRef = EA50F4AD15D45EF000EE4E2A /* TestMainViewController.xib */; };
		EAF1A2BB15F91FC000EB6979 /* Neemware.framework in Frameworks */ = {isa = PBXBuildFile; fileRef = EAF1A29E15F91FC000EB6979 /* Neemware.framework */; };
		EAF1A2BC15F91FC000EB6979 /* awesome-smiley-on.png in Resources */ = {isa = PBXBuildFile; fileRef = EAF1A2A015F91FC000EB6979 /* awesome-smiley-on.png */; };
		EAF1A2BD15F91FC000EB6979 /* awesome-smiley-on@2x.png in Resources */ = {isa = PBXBuildFile; fileRef = EAF1A2A115F91FC000EB6979 /* awesome-smiley-on@2x.png */; };
		EAF1A2BE15F91FC000EB6979 /* awesome-smiley.png in Resources */ = {isa = PBXBuildFile; fileRef = EAF1A2A215F91FC000EB6979 /* awesome-smiley.png */; };
		EAF1A2BF15F91FC000EB6979 /* awesome-smiley@2x.png in Resources */ = {isa = PBXBuildFile; fileRef = EAF1A2A315F91FC000EB6979 /* awesome-smiley@2x.png */; };
		EAF1A2C015F91FC000EB6979 /* bad-smiley-on.png in Resources */ = {isa = PBXBuildFile; fileRef = EAF1A2A415F91FC000EB6979 /* bad-smiley-on.png */; };
		EAF1A2C115F91FC000EB6979 /* bad-smiley-on@2x.png in Resources */ = {isa = PBXBuildFile; fileRef = EAF1A2A515F91FC000EB6979 /* bad-smiley-on@2x.png */; };
		EAF1A2C215F91FC000EB6979 /* bad-smiley.png in Resources */ = {isa = PBXBuildFile; fileRef = EAF1A2A615F91FC000EB6979 /* bad-smiley.png */; };
		EAF1A2C315F91FC000EB6979 /* bad-smiley@2x.png in Resources */ = {isa = PBXBuildFile; fileRef = EAF1A2A715F91FC000EB6979 /* bad-smiley@2x.png */; };
		EAF1A2C415F91FC000EB6979 /* blue-shaded-on.png in Resources */ = {isa = PBXBuildFile; fileRef = EAF1A2A815F91FC000EB6979 /* blue-shaded-on.png */; };
		EAF1A2C515F91FC000EB6979 /* blue-shaded-on@2x.png in Resources */ = {isa = PBXBuildFile; fileRef = EAF1A2A915F91FC000EB6979 /* blue-shaded-on@2x.png */; };
		EAF1A2C615F91FC000EB6979 /* blue-shaded.png in Resources */ = {isa = PBXBuildFile; fileRef = EAF1A2AA15F91FC000EB6979 /* blue-shaded.png */; };
		EAF1A2C715F91FC000EB6979 /* blue-shaded@2x.png in Resources */ = {isa = PBXBuildFile; fileRef = EAF1A2AB15F91FC000EB6979 /* blue-shaded@2x.png */; };
		EAF1A2C815F91FC000EB6979 /* great-smiley-on.png in Resources */ = {isa = PBXBuildFile; fileRef = EAF1A2AC15F91FC000EB6979 /* great-smiley-on.png */; };
		EAF1A2C915F91FC000EB6979 /* great-smiley-on@2x.png in Resources */ = {isa = PBXBuildFile; fileRef = EAF1A2AD15F91FC000EB6979 /* great-smiley-on@2x.png */; };
		EAF1A2CA15F91FC000EB6979 /* great-smiley.png in Resources */ = {isa = PBXBuildFile; fileRef = EAF1A2AE15F91FC000EB6979 /* great-smiley.png */; };
		EAF1A2CB15F91FC000EB6979 /* great-smiley@2x.png in Resources */ = {isa = PBXBuildFile; fileRef = EAF1A2AF15F91FC000EB6979 /* great-smiley@2x.png */; };
		EAF1A2CC15F91FC000EB6979 /* NWFeedbackViewController.nib in Resources */ = {isa = PBXBuildFile; fileRef = EAF1A2B015F91FC000EB6979 /* NWFeedbackViewController.nib */; };
		EAF1A2CD15F91FC000EB6979 /* ok-smiley-on.png in Resources */ = {isa = PBXBuildFile; fileRef = EAF1A2B115F91FC000EB6979 /* ok-smiley-on.png */; };
		EAF1A2CE15F91FC000EB6979 /* ok-smiley-on@2x.png in Resources */ = {isa = PBXBuildFile; fileRef = EAF1A2B215F91FC000EB6979 /* ok-smiley-on@2x.png */; };
		EAF1A2CF15F91FC000EB6979 /* ok-smiley.png in Resources */ = {isa = PBXBuildFile; fileRef = EAF1A2B315F91FC000EB6979 /* ok-smiley.png */; };
		EAF1A2D015F91FC000EB6979 /* ok-smiley@2x.png in Resources */ = {isa = PBXBuildFile; fileRef = EAF1A2B415F91FC000EB6979 /* ok-smiley@2x.png */; };
		EAF1A2D115F91FC000EB6979 /* README in Resources */ = {isa = PBXBuildFile; fileRef = EAF1A2B515F91FC000EB6979 /* README */; };
		EAF1A2D215F91FC000EB6979 /* speaker_24.png in Resources */ = {isa = PBXBuildFile; fileRef = EAF1A2B615F91FC000EB6979 /* speaker_24.png */; };
		EAF1A2D315F91FC000EB6979 /* terrible-smiley-on.png in Resources */ = {isa = PBXBuildFile; fileRef = EAF1A2B715F91FC000EB6979 /* terrible-smiley-on.png */; };
		EAF1A2D415F91FC000EB6979 /* terrible-smiley-on@2x.png in Resources */ = {isa = PBXBuildFile; fileRef = EAF1A2B815F91FC000EB6979 /* terrible-smiley-on@2x.png */; };
		EAF1A2D515F91FC000EB6979 /* terrible-smiley.png in Resources */ = {isa = PBXBuildFile; fileRef = EAF1A2B915F91FC000EB6979 /* terrible-smiley.png */; };
		EAF1A2D615F91FC000EB6979 /* terrible-smiley@2x.png in Resources */ = {isa = PBXBuildFile; fileRef = EAF1A2BA15F91FC000EB6979 /* terrible-smiley@2x.png */; };
		EAF9C31F15E43545001B4108 /* Foundation.framework in Frameworks */ = {isa = PBXBuildFile; fileRef = EAF9C31E15E43544001B4108 /* Foundation.framework */; };
		EAF9C32115E4354C001B4108 /* UIKit.framework in Frameworks */ = {isa = PBXBuildFile; fileRef = EAF9C32015E4354C001B4108 /* UIKit.framework */; };
		EAF9C32315E43554001B4108 /* QuartzCore.framework in Frameworks */ = {isa = PBXBuildFile; fileRef = EAF9C32215E43554001B4108 /* QuartzCore.framework */; };
		EAF9C32515E4356E001B4108 /* CoreGraphics.framework in Frameworks */ = {isa = PBXBuildFile; fileRef = EAF9C32415E4356E001B4108 /* CoreGraphics.framework */; };
		EAFE55DD15D5CDB0001471A7 /* NWTestSecondViewController.m in Sources */ = {isa = PBXBuildFile; fileRef = EAFE55DB15D5CDB0001471A7 /* NWTestSecondViewController.m */; };
		EAFE55DE15D5CDB0001471A7 /* NWTestSecondViewController.xib in Resources */ = {isa = PBXBuildFile; fileRef = EAFE55DC15D5CDB0001471A7 /* NWTestSecondViewController.xib */; };
/* End PBXBuildFile section */

/* Begin PBXFileReference section */
		EA50B9CA15E41E95009DBEE9 /* libz.dylib */ = {isa = PBXFileReference; lastKnownFileType = "compiled.mach-o.dylib"; name = libz.dylib; path = usr/lib/libz.dylib; sourceTree = SDKROOT; };
		EA50F48D15D45EAE00EE4E2A /* NWSDKTestApp.app */ = {isa = PBXFileReference; explicitFileType = wrapper.application; includeInIndex = 0; path = NWSDKTestApp.app; sourceTree = BUILT_PRODUCTS_DIR; };
		EA50F49915D45EAE00EE4E2A /* NWSDKTestApp-Info.plist */ = {isa = PBXFileReference; lastKnownFileType = text.plist.xml; path = "NWSDKTestApp-Info.plist"; sourceTree = "<group>"; };
		EA50F49B15D45EAE00EE4E2A /* en */ = {isa = PBXFileReference; lastKnownFileType = text.plist.strings; name = en; path = en.lproj/InfoPlist.strings; sourceTree = "<group>"; };
		EA50F49D15D45EAE00EE4E2A /* main.m */ = {isa = PBXFileReference; lastKnownFileType = sourcecode.c.objc; path = main.m; sourceTree = "<group>"; };
		EA50F49F15D45EAE00EE4E2A /* NWSDKTestApp-Prefix.pch */ = {isa = PBXFileReference; lastKnownFileType = sourcecode.c.h; path = "NWSDKTestApp-Prefix.pch"; sourceTree = "<group>"; };
		EA50F4A815D45EE100EE4E2A /* NWAppDelegate.h */ = {isa = PBXFileReference; fileEncoding = 4; lastKnownFileType = sourcecode.c.h; path = NWAppDelegate.h; sourceTree = "<group>"; };
		EA50F4A915D45EE100EE4E2A /* NWAppDelegate.m */ = {isa = PBXFileReference; fileEncoding = 4; lastKnownFileType = sourcecode.c.objc; path = NWAppDelegate.m; sourceTree = "<group>"; };
		EA50F4AB15D45EF000EE4E2A /* TestMainViewController.h */ = {isa = PBXFileReference; fileEncoding = 4; lastKnownFileType = sourcecode.c.h; path = TestMainViewController.h; sourceTree = "<group>"; };
		EA50F4AC15D45EF000EE4E2A /* TestMainViewController.m */ = {isa = PBXFileReference; fileEncoding = 4; lastKnownFileType = sourcecode.c.objc; path = TestMainViewController.m; sourceTree = "<group>"; };
		EA50F4AD15D45EF000EE4E2A /* TestMainViewController.xib */ = {isa = PBXFileReference; fileEncoding = 4; lastKnownFileType = file.xib; path = TestMainViewController.xib; sourceTree = "<group>"; };
		EAF1A29E15F91FC000EB6979 /* Neemware.framework */ = {isa = PBXFileReference; lastKnownFileType = wrapper.framework; path = Neemware.framework; sourceTree = "<group>"; };
		EAF1A2A015F91FC000EB6979 /* awesome-smiley-on.png */ = {isa = PBXFileReference; lastKnownFileType = image.png; path = "awesome-smiley-on.png"; sourceTree = "<group>"; };
		EAF1A2A115F91FC000EB6979 /* awesome-smiley-on@2x.png */ = {isa = PBXFileReference; lastKnownFileType = image.png; path = "awesome-smiley-on@2x.png"; sourceTree = "<group>"; };
		EAF1A2A215F91FC000EB6979 /* awesome-smiley.png */ = {isa = PBXFileReference; lastKnownFileType = image.png; path = "awesome-smiley.png"; sourceTree = "<group>"; };
		EAF1A2A315F91FC000EB6979 /* awesome-smiley@2x.png */ = {isa = PBXFileReference; lastKnownFileType = image.png; path = "awesome-smiley@2x.png"; sourceTree = "<group>"; };
		EAF1A2A415F91FC000EB6979 /* bad-smiley-on.png */ = {isa = PBXFileReference; lastKnownFileType = image.png; path = "bad-smiley-on.png"; sourceTree = "<group>"; };
		EAF1A2A515F91FC000EB6979 /* bad-smiley-on@2x.png */ = {isa = PBXFileReference; lastKnownFileType = image.png; path = "bad-smiley-on@2x.png"; sourceTree = "<group>"; };
		EAF1A2A615F91FC000EB6979 /* bad-smiley.png */ = {isa = PBXFileReference; lastKnownFileType = image.png; path = "bad-smiley.png"; sourceTree = "<group>"; };
		EAF1A2A715F91FC000EB6979 /* bad-smiley@2x.png */ = {isa = PBXFileReference; lastKnownFileType = image.png; path = "bad-smiley@2x.png"; sourceTree = "<group>"; };
		EAF1A2A815F91FC000EB6979 /* blue-shaded-on.png */ = {isa = PBXFileReference; lastKnownFileType = image.png; path = "blue-shaded-on.png"; sourceTree = "<group>"; };
		EAF1A2A915F91FC000EB6979 /* blue-shaded-on@2x.png */ = {isa = PBXFileReference; lastKnownFileType = image.png; path = "blue-shaded-on@2x.png"; sourceTree = "<group>"; };
		EAF1A2AA15F91FC000EB6979 /* blue-shaded.png */ = {isa = PBXFileReference; lastKnownFileType = image.png; path = "blue-shaded.png"; sourceTree = "<group>"; };
		EAF1A2AB15F91FC000EB6979 /* blue-shaded@2x.png */ = {isa = PBXFileReference; lastKnownFileType = image.png; path = "blue-shaded@2x.png"; sourceTree = "<group>"; };
		EAF1A2AC15F91FC000EB6979 /* great-smiley-on.png */ = {isa = PBXFileReference; lastKnownFileType = image.png; path = "great-smiley-on.png"; sourceTree = "<group>"; };
		EAF1A2AD15F91FC000EB6979 /* great-smiley-on@2x.png */ = {isa = PBXFileReference; lastKnownFileType = image.png; path = "great-smiley-on@2x.png"; sourceTree = "<group>"; };
		EAF1A2AE15F91FC000EB6979 /* great-smiley.png */ = {isa = PBXFileReference; lastKnownFileType = image.png; path = "great-smiley.png"; sourceTree = "<group>"; };
		EAF1A2AF15F91FC000EB6979 /* great-smiley@2x.png */ = {isa = PBXFileReference; lastKnownFileType = image.png; path = "great-smiley@2x.png"; sourceTree = "<group>"; };
		EAF1A2B015F91FC000EB6979 /* NWFeedbackViewController.nib */ = {isa = PBXFileReference; lastKnownFileType = file; path = NWFeedbackViewController.nib; sourceTree = "<group>"; };
		EAF1A2B115F91FC000EB6979 /* ok-smiley-on.png */ = {isa = PBXFileReference; lastKnownFileType = image.png; path = "ok-smiley-on.png"; sourceTree = "<group>"; };
		EAF1A2B215F91FC000EB6979 /* ok-smiley-on@2x.png */ = {isa = PBXFileReference; lastKnownFileType = image.png; path = "ok-smiley-on@2x.png"; sourceTree = "<group>"; };
		EAF1A2B315F91FC000EB6979 /* ok-smiley.png */ = {isa = PBXFileReference; lastKnownFileType = image.png; path = "ok-smiley.png"; sourceTree = "<group>"; };
		EAF1A2B415F91FC000EB6979 /* ok-smiley@2x.png */ = {isa = PBXFileReference; lastKnownFileType = image.png; path = "ok-smiley@2x.png"; sourceTree = "<group>"; };
		EAF1A2B515F91FC000EB6979 /* README */ = {isa = PBXFileReference; fileEncoding = 4; lastKnownFileType = text; path = README; sourceTree = "<group>"; };
		EAF1A2B615F91FC000EB6979 /* speaker_24.png */ = {isa = PBXFileReference; lastKnownFileType = image.png; path = speaker_24.png; sourceTree = "<group>"; };
		EAF1A2B715F91FC000EB6979 /* terrible-smiley-on.png */ = {isa = PBXFileReference; lastKnownFileType = image.png; path = "terrible-smiley-on.png"; sourceTree = "<group>"; };
		EAF1A2B815F91FC000EB6979 /* terrible-smiley-on@2x.png */ = {isa = PBXFileReference; lastKnownFileType = image.png; path = "terrible-smiley-on@2x.png"; sourceTree = "<group>"; };
		EAF1A2B915F91FC000EB6979 /* terrible-smiley.png */ = {isa = PBXFileReference; lastKnownFileType = image.png; path = "terrible-smiley.png"; sourceTree = "<group>"; };
		EAF1A2BA15F91FC000EB6979 /* terrible-smiley@2x.png */ = {isa = PBXFileReference; lastKnownFileType = image.png; path = "terrible-smiley@2x.png"; sourceTree = "<group>"; };
		EAF9C31E15E43544001B4108 /* Foundation.framework */ = {isa = PBXFileReference; lastKnownFileType = wrapper.framework; name = Foundation.framework; path = System/Library/Frameworks/Foundation.framework; sourceTree = SDKROOT; };
		EAF9C32015E4354C001B4108 /* UIKit.framework */ = {isa = PBXFileReference; lastKnownFileType = wrapper.framework; name = UIKit.framework; path = System/Library/Frameworks/UIKit.framework; sourceTree = SDKROOT; };
		EAF9C32215E43554001B4108 /* QuartzCore.framework */ = {isa = PBXFileReference; lastKnownFileType = wrapper.framework; name = QuartzCore.framework; path = System/Library/Frameworks/QuartzCore.framework; sourceTree = SDKROOT; };
		EAF9C32415E4356E001B4108 /* CoreGraphics.framework */ = {isa = PBXFileReference; lastKnownFileType = wrapper.framework; name = CoreGraphics.framework; path = System/Library/Frameworks/CoreGraphics.framework; sourceTree = SDKROOT; };
		EAFE55DA15D5CDB0001471A7 /* NWTestSecondViewController.h */ = {isa = PBXFileReference; fileEncoding = 4; lastKnownFileType = sourcecode.c.h; path = NWTestSecondViewController.h; sourceTree = "<group>"; };
		EAFE55DB15D5CDB0001471A7 /* NWTestSecondViewController.m */ = {isa = PBXFileReference; fileEncoding = 4; lastKnownFileType = sourcecode.c.objc; path = NWTestSecondViewController.m; sourceTree = "<group>"; };
		EAFE55DC15D5CDB0001471A7 /* NWTestSecondViewController.xib */ = {isa = PBXFileReference; fileEncoding = 4; lastKnownFileType = file.xib; path = NWTestSecondViewController.xib; sourceTree = "<group>"; };
/* End PBXFileReference section */

/* Begin PBXFrameworksBuildPhase section */
		EA50F48A15D45EAE00EE4E2A /* Frameworks */ = {
			isa = PBXFrameworksBuildPhase;
			buildActionMask = 2147483647;
			files = (
				EAF9C32515E4356E001B4108 /* CoreGraphics.framework in Frameworks */,
				EAF9C32315E43554001B4108 /* QuartzCore.framework in Frameworks */,
				EAF9C32115E4354C001B4108 /* UIKit.framework in Frameworks */,
				EAF9C31F15E43545001B4108 /* Foundation.framework in Frameworks */,
				EAF1A2BB15F91FC000EB6979 /* Neemware.framework in Frameworks */,
			);
			runOnlyForDeploymentPostprocessing = 0;
		};
/* End PBXFrameworksBuildPhase section */

/* Begin PBXGroup section */
		EA50F48215D45EAE00EE4E2A = {
			isa = PBXGroup;
			children = (
				EA50F49715D45EAE00EE4E2A /* NWSDKTestApp */,
				EA50F49015D45EAE00EE4E2A /* Frameworks */,
				EA50F48E15D45EAE00EE4E2A /* Products */,
			);
			sourceTree = "<group>";
		};
		EA50F48E15D45EAE00EE4E2A /* Products */ = {
			isa = PBXGroup;
			children = (
				EA50F48D15D45EAE00EE4E2A /* NWSDKTestApp.app */,
			);
			name = Products;
			sourceTree = "<group>";
		};
		EA50F49015D45EAE00EE4E2A /* Frameworks */ = {
			isa = PBXGroup;
			children = (
				EAF1A29D15F91FC000EB6979 /* Neemware.embeddedframework */,
			);
			name = Frameworks;
			sourceTree = "<group>";
		};
		EA50F49715D45EAE00EE4E2A /* NWSDKTestApp */ = {
			isa = PBXGroup;
			children = (
				EA50F4A815D45EE100EE4E2A /* NWAppDelegate.h */,
				EA50F4A915D45EE100EE4E2A /* NWAppDelegate.m */,
				EA50F4AB15D45EF000EE4E2A /* TestMainViewController.h */,
				EA50F4AC15D45EF000EE4E2A /* TestMainViewController.m */,
				EA50F4AD15D45EF000EE4E2A /* TestMainViewController.xib */,
				EAFE55DA15D5CDB0001471A7 /* NWTestSecondViewController.h */,
				EAFE55DB15D5CDB0001471A7 /* NWTestSecondViewController.m */,
				EAFE55DC15D5CDB0001471A7 /* NWTestSecondViewController.xib */,
				EA50F49815D45EAE00EE4E2A /* Supporting Files */,
			);
			path = NWSDKTestApp;
			sourceTree = "<group>";
		};
		EA50F49815D45EAE00EE4E2A /* Supporting Files */ = {
			isa = PBXGroup;
			children = (
				EA50F49915D45EAE00EE4E2A /* NWSDKTestApp-Info.plist */,
				EA50F49A15D45EAE00EE4E2A /* InfoPlist.strings */,
				EA50F49D15D45EAE00EE4E2A /* main.m */,
				EA50F49F15D45EAE00EE4E2A /* NWSDKTestApp-Prefix.pch */,
			);
			name = "Supporting Files";
			sourceTree = "<group>";
		};
		EAF1A29D15F91FC000EB6979 /* Neemware.embeddedframework */ = {
			isa = PBXGroup;
			children = (
				EAF9C32415E4356E001B4108 /* CoreGraphics.framework */,
				EAF9C32215E43554001B4108 /* QuartzCore.framework */,
				EAF9C32015E4354C001B4108 /* UIKit.framework */,
				EAF9C31E15E43544001B4108 /* Foundation.framework */,
				EA50B9CA15E41E95009DBEE9 /* libz.dylib */,
				EAF1A29E15F91FC000EB6979 /* Neemware.framework */,
				EAF1A29F15F91FC000EB6979 /* Resources */,
			);
			path = Neemware.embeddedframework;
			sourceTree = "<group>";
		};
		EAF1A29F15F91FC000EB6979 /* Resources */ = {
			isa = PBXGroup;
			children = (
				EAF1A2A015F91FC000EB6979 /* awesome-smiley-on.png */,
				EAF1A2A115F91FC000EB6979 /* awesome-smiley-on@2x.png */,
				EAF1A2A215F91FC000EB6979 /* awesome-smiley.png */,
				EAF1A2A315F91FC000EB6979 /* awesome-smiley@2x.png */,
				EAF1A2A415F91FC000EB6979 /* bad-smiley-on.png */,
				EAF1A2A515F91FC000EB6979 /* bad-smiley-on@2x.png */,
				EAF1A2A615F91FC000EB6979 /* bad-smiley.png */,
				EAF1A2A715F91FC000EB6979 /* bad-smiley@2x.png */,
				EAF1A2A815F91FC000EB6979 /* blue-shaded-on.png */,
				EAF1A2A915F91FC000EB6979 /* blue-shaded-on@2x.png */,
				EAF1A2AA15F91FC000EB6979 /* blue-shaded.png */,
				EAF1A2AB15F91FC000EB6979 /* blue-shaded@2x.png */,
				EAF1A2AC15F91FC000EB6979 /* great-smiley-on.png */,
				EAF1A2AD15F91FC000EB6979 /* great-smiley-on@2x.png */,
				EAF1A2AE15F91FC000EB6979 /* great-smiley.png */,
				EAF1A2AF15F91FC000EB6979 /* great-smiley@2x.png */,
				EAF1A2B015F91FC000EB6979 /* NWFeedbackViewController.nib */,
				EAF1A2B115F91FC000EB6979 /* ok-smiley-on.png */,
				EAF1A2B215F91FC000EB6979 /* ok-smiley-on@2x.png */,
				EAF1A2B315F91FC000EB6979 /* ok-smiley.png */,
				EAF1A2B415F91FC000EB6979 /* ok-smiley@2x.png */,
				EAF1A2B515F91FC000EB6979 /* README */,
				EAF1A2B615F91FC000EB6979 /* speaker_24.png */,
				EAF1A2B715F91FC000EB6979 /* terrible-smiley-on.png */,
				EAF1A2B815F91FC000EB6979 /* terrible-smiley-on@2x.png */,
				EAF1A2B915F91FC000EB6979 /* terrible-smiley.png */,
				EAF1A2BA15F91FC000EB6979 /* terrible-smiley@2x.png */,
			);
			path = Resources;
			sourceTree = "<group>";
		};
/* End PBXGroup section */

/* Begin PBXNativeTarget section */
		EA50F48C15D45EAE00EE4E2A /* NWSDKTestApp */ = {
			isa = PBXNativeTarget;
			buildConfigurationList = EA50F4A515D45EAE00EE4E2A /* Build configuration list for PBXNativeTarget "NWSDKTestApp" */;
			buildPhases = (
				EA50F48915D45EAE00EE4E2A /* Sources */,
				EA50F48A15D45EAE00EE4E2A /* Frameworks */,
				EA50F48B15D45EAE00EE4E2A /* Resources */,
			);
			buildRules = (
			);
			dependencies = (
			);
			name = NWSDKTestApp;
			productName = NWSDKTestApp;
			productReference = EA50F48D15D45EAE00EE4E2A /* NWSDKTestApp.app */;
			productType = "com.apple.product-type.application";
		};
/* End PBXNativeTarget section */

/* Begin PBXProject section */
		EA50F48415D45EAE00EE4E2A /* Project object */ = {
			isa = PBXProject;
			attributes = {
				CLASSPREFIX = NW;
				LastUpgradeCheck = 0440;
				ORGANIZATIONNAME = "Neemware, Inc.";
			};
			buildConfigurationList = EA50F48715D45EAE00EE4E2A /* Build configuration list for PBXProject "NWSDKTestApp" */;
			compatibilityVersion = "Xcode 3.2";
			developmentRegion = English;
			hasScannedForEncodings = 0;
			knownRegions = (
				en,
			);
			mainGroup = EA50F48215D45EAE00EE4E2A;
			productRefGroup = EA50F48E15D45EAE00EE4E2A /* Products */;
			projectDirPath = "";
			projectRoot = "";
			targets = (
				EA50F48C15D45EAE00EE4E2A /* NWSDKTestApp */,
			);
		};
/* End PBXProject section */

/* Begin PBXResourcesBuildPhase section */
		EA50F48B15D45EAE00EE4E2A /* Resources */ = {
			isa = PBXResourcesBuildPhase;
			buildActionMask = 2147483647;
			files = (
				EA50F49C15D45EAE00EE4E2A /* InfoPlist.strings in Resources */,
				EA50F4AF15D45EF000EE4E2A /* TestMainViewController.xib in Resources */,
				EAFE55DE15D5CDB0001471A7 /* NWTestSecondViewController.xib in Resources */,
				EAF1A2BC15F91FC000EB6979 /* awesome-smiley-on.png in Resources */,
				EAF1A2BD15F91FC000EB6979 /* awesome-smiley-on@2x.png in Resources */,
				EAF1A2BE15F91FC000EB6979 /* awesome-smiley.png in Resources */,
				EAF1A2BF15F91FC000EB6979 /* awesome-smiley@2x.png in Resources */,
				EAF1A2C015F91FC000EB6979 /* bad-smiley-on.png in Resources */,
				EAF1A2C115F91FC000EB6979 /* bad-smiley-on@2x.png in Resources */,
				EAF1A2C215F91FC000EB6979 /* bad-smiley.png in Resources */,
				EAF1A2C315F91FC000EB6979 /* bad-smiley@2x.png in Resources */,
				EAF1A2C415F91FC000EB6979 /* blue-shaded-on.png in Resources */,
				EAF1A2C515F91FC000EB6979 /* blue-shaded-on@2x.png in Resources */,
				EAF1A2C615F91FC000EB6979 /* blue-shaded.png in Resources */,
				EAF1A2C715F91FC000EB6979 /* blue-shaded@2x.png in Resources */,
				EAF1A2C815F91FC000EB6979 /* great-smiley-on.png in Resources */,
				EAF1A2C915F91FC000EB6979 /* great-smiley-on@2x.png in Resources */,
				EAF1A2CA15F91FC000EB6979 /* great-smiley.png in Resources */,
				EAF1A2CB15F91FC000EB6979 /* great-smiley@2x.png in Resources */,
				EAF1A2CC15F91FC000EB6979 /* NWFeedbackViewController.nib in Resources */,
				EAF1A2CD15F91FC000EB6979 /* ok-smiley-on.png in Resources */,
				EAF1A2CE15F91FC000EB6979 /* ok-smiley-on@2x.png in Resources */,
				EAF1A2CF15F91FC000EB6979 /* ok-smiley.png in Resources */,
				EAF1A2D015F91FC000EB6979 /* ok-smiley@2x.png in Resources */,
				EAF1A2D115F91FC000EB6979 /* README in Resources */,
				EAF1A2D215F91FC000EB6979 /* speaker_24.png in Resources */,
				EAF1A2D315F91FC000EB6979 /* terrible-smiley-on.png in Resources */,
				EAF1A2D415F91FC000EB6979 /* terrible-smiley-on@2x.png in Resources */,
				EAF1A2D515F91FC000EB6979 /* terrible-smiley.png in Resources */,
				EAF1A2D615F91FC000EB6979 /* terrible-smiley@2x.png in Resources */,
			);
			runOnlyForDeploymentPostprocessing = 0;
		};
/* End PBXResourcesBuildPhase section */

/* Begin PBXSourcesBuildPhase section */
		EA50F48915D45EAE00EE4E2A /* Sources */ = {
			isa = PBXSourcesBuildPhase;
			buildActionMask = 2147483647;
			files = (
				EA50F49E15D45EAE00EE4E2A /* main.m in Sources */,
				EA50F4AA15D45EE100EE4E2A /* NWAppDelegate.m in Sources */,
				EA50F4AE15D45EF000EE4E2A /* TestMainViewController.m in Sources */,
				EAFE55DD15D5CDB0001471A7 /* NWTestSecondViewController.m in Sources */,
			);
			runOnlyForDeploymentPostprocessing = 0;
		};
/* End PBXSourcesBuildPhase section */

/* Begin PBXVariantGroup section */
		EA50F49A15D45EAE00EE4E2A /* InfoPlist.strings */ = {
			isa = PBXVariantGroup;
			children = (
				EA50F49B15D45EAE00EE4E2A /* en */,
			);
			name = InfoPlist.strings;
			sourceTree = "<group>";
		};
/* End PBXVariantGroup section */

/* Begin XCBuildConfiguration section */
		EA50F4A315D45EAE00EE4E2A /* Debug */ = {
			isa = XCBuildConfiguration;
			buildSettings = {
				ALWAYS_SEARCH_USER_PATHS = NO;
				ARCHS = "$(ARCHS_STANDARD_32_BIT)";
				CLANG_CXX_LANGUAGE_STANDARD = "gnu++0x";
				CLANG_ENABLE_OBJC_ARC = YES;
				CLANG_WARN__DUPLICATE_METHOD_MATCH = YES;
				"CODE_SIGN_IDENTITY[sdk=iphoneos*]" = "iPhone Developer";
				COPY_PHASE_STRIP = NO;
				GCC_C_LANGUAGE_STANDARD = gnu99;
				GCC_DYNAMIC_NO_PIC = NO;
				GCC_OPTIMIZATION_LEVEL = 0;
				GCC_PREPROCESSOR_DEFINITIONS = (
					"DEBUG=1",
					"$(inherited)",
				);
				GCC_SYMBOLS_PRIVATE_EXTERN = NO;
				GCC_VERSION = com.apple.compilers.llvm.clang.1_0;
				GCC_WARN_ABOUT_RETURN_TYPE = YES;
				GCC_WARN_UNINITIALIZED_AUTOS = YES;
				GCC_WARN_UNUSED_VARIABLE = YES;
				IPHONEOS_DEPLOYMENT_TARGET = 5.1;
				SDKROOT = iphoneos;
				TARGETED_DEVICE_FAMILY = "1,2";
			};
			name = Debug;
		};
		EA50F4A415D45EAE00EE4E2A /* Release */ = {
			isa = XCBuildConfiguration;
			buildSettings = {
				ALWAYS_SEARCH_USER_PATHS = NO;
				ARCHS = "$(ARCHS_STANDARD_32_BIT)";
				CLANG_CXX_LANGUAGE_STANDARD = "gnu++0x";
				CLANG_ENABLE_OBJC_ARC = YES;
				CLANG_WARN__DUPLICATE_METHOD_MATCH = YES;
				"CODE_SIGN_IDENTITY[sdk=iphoneos*]" = "iPhone Developer";
				COPY_PHASE_STRIP = YES;
				GCC_C_LANGUAGE_STANDARD = gnu99;
				GCC_VERSION = com.apple.compilers.llvm.clang.1_0;
				GCC_WARN_ABOUT_RETURN_TYPE = YES;
				GCC_WARN_UNINITIALIZED_AUTOS = YES;
				GCC_WARN_UNUSED_VARIABLE = YES;
				IPHONEOS_DEPLOYMENT_TARGET = 5.1;
				OTHER_CFLAGS = "-DNS_BLOCK_ASSERTIONS=1";
				SDKROOT = iphoneos;
				TARGETED_DEVICE_FAMILY = "1,2";
				VALIDATE_PRODUCT = YES;
			};
			name = Release;
		};
		EA50F4A615D45EAE00EE4E2A /* Debug */ = {
			isa = XCBuildConfiguration;
			buildSettings = {
				FRAMEWORK_SEARCH_PATHS = (
					"$(inherited)",
					"\"$(SRCROOT)/NWSDKTestApp/Neemware.embeddedframework\"",
					"\"$(SRCROOT)/Neemware.embeddedframework\"",
				);
				GCC_PRECOMPILE_PREFIX_HEADER = YES;
				GCC_PREFIX_HEADER = "NWSDKTestApp/NWSDKTestApp-Prefix.pch";
				INFOPLIST_FILE = "NWSDKTestApp/NWSDKTestApp-Info.plist";
				OTHER_LDFLAGS = "-ObjC";
				PRODUCT_NAME = "$(TARGET_NAME)";
				WRAPPER_EXTENSION = app;
			};
			name = Debug;
		};
		EA50F4A715D45EAE00EE4E2A /* Release */ = {
			isa = XCBuildConfiguration;
			buildSettings = {
				FRAMEWORK_SEARCH_PATHS = (
					"$(inherited)",
					"\"$(SRCROOT)/NWSDKTestApp/Neemware.embeddedframework\"",
					"\"$(SRCROOT)/Neemware.embeddedframework\"",
				);
				GCC_PRECOMPILE_PREFIX_HEADER = YES;
				GCC_PREFIX_HEADER = "NWSDKTestApp/NWSDKTestApp-Prefix.pch";
				INFOPLIST_FILE = "NWSDKTestApp/NWSDKTestApp-Info.plist";
				OTHER_LDFLAGS = "-ObjC";
				PRODUCT_NAME = "$(TARGET_NAME)";
				WRAPPER_EXTENSION = app;
			};
			name = Release;
		};
/* End XCBuildConfiguration section */

/* Begin XCConfigurationList section */
		EA50F48715D45EAE00EE4E2A /* Build configuration list for PBXProject "NWSDKTestApp" */ = {
			isa = XCConfigurationList;
			buildConfigurations = (
				EA50F4A315D45EAE00EE4E2A /* Debug */,
				EA50F4A415D45EAE00EE4E2A /* Release */,
			);
			defaultConfigurationIsVisible = 0;
			defaultConfigurationName = Release;
		};
		EA50F4A515D45EAE00EE4E2A /* Build configuration list for PBXNativeTarget "NWSDKTestApp" */ = {
			isa = XCConfigurationList;
			buildConfigurations = (
				EA50F4A615D45EAE00EE4E2A /* Debug */,
				EA50F4A715D45EAE00EE4E2A /* Release */,
			);
			defaultConfigurationIsVisible = 0;
			defaultConfigurationName = Release;
		};
/* End XCConfigurationList section */
	};
	rootObject = EA50F48415D45EAE00EE4E2A /* Project object */;
}
